PODS:
  - GraphicsRenderer (1.2.0)
  - InkKit (4.0.1):
    - GraphicsRenderer
  - Peek (4.0.1):
    - InkKit (= 4.0.1)

DEPENDENCIES:
  - Peek (from `../`)

EXTERNAL SOURCES:
  Peek:
    :path: ../

SPEC CHECKSUMS:
  GraphicsRenderer: fec3014926360221359205a64060414273d625e5
  InkKit: dfe49d96f903b3672afc67d8b849f419b41537d1
  Peek: 7f0823a8dceda7e56da05f547ed8ad92f7cda43e

PODFILE CHECKSUM: 06fa110334f649d2cdcbeea715786f0b15d27b3e

COCOAPODS: 1.4.0
