PODS:
  - GraphicsRenderer (1.2.0)
  - Peek (5.0.0):
    - GraphicsRenderer (= 1.2.0)

DEPENDENCIES:
  - Peek (from `../`)

EXTERNAL SOURCES:
  Peek:
    :path: ../

SPEC CHECKSUMS:
  GraphicsRenderer: fec3014926360221359205a64060414273d625e5
  Peek: 64ec5f288fa623b7a0bf645d1c9c6191ffe9e4d9

PODFILE CHECKSUM: 06fa110334f649d2cdcbeea715786f0b15d27b3e

COCOAPODS: 1.4.0
