// !$*UTF8*$!
{
	archiveVersion = 1;
	classes = {
	};
	objectVersion = 47;
	objects = {

/* Begin PBXBuildFile section */
		540B99E22053FCAF0086FF61 /* AppDelegate.swift in Sources */ = {isa = PBXBuildFile; fileRef = 540B99E12053FCAF0086FF61 /* AppDelegate.swift */; };
		540B99E42053FCAF0086FF61 /* TimelineViewController.swift in Sources */ = {isa = PBXBuildFile; fileRef = 540B99E32053FCAF0086FF61 /* TimelineViewController.swift */; };
		540B99E72053FCAF0086FF61 /* Main.storyboard in Resources */ = {isa = PBXBuildFile; fileRef = 540B99E52053FCAF0086FF61 /* Main.storyboard */; };
		540B99E92053FCAF0086FF61 /* Assets.xcassets in Resources */ = {isa = PBXBuildFile; fileRef = 540B99E82053FCAF0086FF61 /* Assets.xcassets */; };
		540B99EC2053FCAF0086FF61 /* LaunchScreen.storyboard in Resources */ = {isa = PBXBuildFile; fileRef = 540B99EA2053FCAF0086FF61 /* LaunchScreen.storyboard */; };
		542668DA2054064500F6B016 /* TextView.swift in Sources */ = {isa = PBXBuildFile; fileRef = 542668D92054064500F6B016 /* TextView.swift */; };
		54A1D799206859920088079D /* Peek.framework in Frameworks */ = {isa = PBXBuildFile; fileRef = 54A1D79A206859920088079D /* Peek.framework */; };
		54CCC04425382ED500B6E05D /* ProfileView.swift in Sources */ = {isa = PBXBuildFile; fileRef = 54CCC04325382ED500B6E05D /* ProfileView.swift */; };
		54CCC047253840C500B6E05D /* ContentView.swift in Sources */ = {isa = PBXBuildFile; fileRef = 54CCC046253840C500B6E05D /* ContentView.swift */; };
		54CCC04A25385E8900B6E05D /* ProfileHeaderView.swift in Sources */ = {isa = PBXBuildFile; fileRef = 54CCC04925385E8900B6E05D /* ProfileHeaderView.swift */; };
		54CCC04F25385ECA00B6E05D /* ProfileFollowsView.swift in Sources */ = {isa = PBXBuildFile; fileRef = 54CCC04E25385ECA00B6E05D /* ProfileFollowsView.swift */; };
		54CCC05425385F0600B6E05D /* ProfileOptionsView.swift in Sources */ = {isa = PBXBuildFile; fileRef = 54CCC05325385F0600B6E05D /* ProfileOptionsView.swift */; };
		54CCC05725385F6400B6E05D /* ProfileBackgroundModifier.swift in Sources */ = {isa = PBXBuildFile; fileRef = 54CCC05625385F6400B6E05D /* ProfileBackgroundModifier.swift */; };
		54E8B9A42054085000CEEFA3 /* Theming.swift in Sources */ = {isa = PBXBuildFile; fileRef = 54E8B9A32054085000CEEFA3 /* Theming.swift */; };
		54E8B9A620540A0C00CEEFA3 /* Cell.swift in Sources */ = {isa = PBXBuildFile; fileRef = 54E8B9A520540A0C00CEEFA3 /* Cell.swift */; };
		E05AB35149930122FE1F4259 /* Pods_NotTwitter.framework in Frameworks */ = {isa = PBXBuildFile; fileRef = EFCCB1BC7D6B32199D17E93B /* Pods_NotTwitter.framework */; };
/* End PBXBuildFile section */

/* Begin PBXFileReference section */
		2294D63777F3A53CCD6C4977 /* Peek.podspec */ = {isa = PBXFileReference; includeInIndex = 1; lastKnownFileType = text; name = Peek.podspec; path = ../Peek.podspec; sourceTree = "<group>"; xcLanguageSpecificationIdentifier = xcode.lang.ruby; };
		25235662A734B5CC098E5A5F /* README.md */ = {isa = PBXFileReference; includeInIndex = 1; lastKnownFileType = net.daringfireball.markdown; name = README.md; path = ../README.md; sourceTree = "<group>"; };
		540B99DF2053FCAF0086FF61 /* NotTwitter.app */ = {isa = PBXFileReference; explicitFileType = wrapper.application; includeInIndex = 0; path = NotTwitter.app; sourceTree = BUILT_PRODUCTS_DIR; };
		540B99E12053FCAF0086FF61 /* AppDelegate.swift */ = {isa = PBXFileReference; lastKnownFileType = sourcecode.swift; path = AppDelegate.swift; sourceTree = "<group>"; };
		540B99E32053FCAF0086FF61 /* TimelineViewController.swift */ = {isa = PBXFileReference; lastKnownFileType = sourcecode.swift; path = TimelineViewController.swift; sourceTree = "<group>"; };
		540B99E62053FCAF0086FF61 /* Base */ = {isa = PBXFileReference; lastKnownFileType = file.storyboard; name = Base; path = Base.lproj/Main.storyboard; sourceTree = "<group>"; };
		540B99E82053FCAF0086FF61 /* Assets.xcassets */ = {isa = PBXFileReference; lastKnownFileType = folder.assetcatalog; path = Assets.xcassets; sourceTree = "<group>"; };
		540B99EB2053FCAF0086FF61 /* Base */ = {isa = PBXFileReference; lastKnownFileType = file.storyboard; name = Base; path = Base.lproj/LaunchScreen.storyboard; sourceTree = "<group>"; };
		540B99ED2053FCAF0086FF61 /* Info.plist */ = {isa = PBXFileReference; lastKnownFileType = text.plist.xml; path = Info.plist; sourceTree = "<group>"; };
		542668D92054064500F6B016 /* TextView.swift */ = {isa = PBXFileReference; lastKnownFileType = sourcecode.swift; path = TextView.swift; sourceTree = "<group>"; };
		54533DEB1C66D1DB00527626 /* PhotosUI.framework */ = {isa = PBXFileReference; lastKnownFileType = wrapper.framework; name = PhotosUI.framework; path = System/Library/Frameworks/PhotosUI.framework; sourceTree = SDKROOT; };
		54533DED1C66D1DB00527626 /* Photos.framework */ = {isa = PBXFileReference; lastKnownFileType = wrapper.framework; name = Photos.framework; path = System/Library/Frameworks/Photos.framework; sourceTree = SDKROOT; };
		5472753A20695E7300F1A975 /* CONTRIBUTING.md */ = {isa = PBXFileReference; lastKnownFileType = net.daringfireball.markdown; name = CONTRIBUTING.md; path = ../CONTRIBUTING.md; sourceTree = "<group>"; };
		5472753B20695E7300F1A975 /* CHANGELOG.md */ = {isa = PBXFileReference; lastKnownFileType = net.daringfireball.markdown; name = CHANGELOG.md; path = ../CHANGELOG.md; sourceTree = "<group>"; };
		5472753C20695E7300F1A975 /* CODE_OF_CONDUCT.md */ = {isa = PBXFileReference; lastKnownFileType = net.daringfireball.markdown; name = CODE_OF_CONDUCT.md; path = ../CODE_OF_CONDUCT.md; sourceTree = "<group>"; };
		5472753D20695E7B00F1A975 /* pull_request_template.md */ = {isa = PBXFileReference; lastKnownFileType = net.daringfireball.markdown; name = pull_request_template.md; path = ../pull_request_template.md; sourceTree = "<group>"; };
		54A1D79A206859920088079D /* Peek.framework */ = {isa = PBXFileReference; explicitFileType = wrapper.framework; path = Peek.framework; sourceTree = BUILT_PRODUCTS_DIR; };
		54CCC04325382ED500B6E05D /* ProfileView.swift */ = {isa = PBXFileReference; lastKnownFileType = sourcecode.swift; path = ProfileView.swift; sourceTree = "<group>"; };
		54CCC046253840C500B6E05D /* ContentView.swift */ = {isa = PBXFileReference; lastKnownFileType = sourcecode.swift; path = ContentView.swift; sourceTree = "<group>"; };
		54CCC04925385E8900B6E05D /* ProfileHeaderView.swift */ = {isa = PBXFileReference; lastKnownFileType = sourcecode.swift; path = ProfileHeaderView.swift; sourceTree = "<group>"; };
		54CCC04E25385ECA00B6E05D /* ProfileFollowsView.swift */ = {isa = PBXFileReference; lastKnownFileType = sourcecode.swift; path = ProfileFollowsView.swift; sourceTree = "<group>"; };
		54CCC05325385F0600B6E05D /* ProfileOptionsView.swift */ = {isa = PBXFileReference; lastKnownFileType = sourcecode.swift; path = ProfileOptionsView.swift; sourceTree = "<group>"; };
		54CCC05625385F6400B6E05D /* ProfileBackgroundModifier.swift */ = {isa = PBXFileReference; lastKnownFileType = sourcecode.swift; path = ProfileBackgroundModifier.swift; sourceTree = "<group>"; };
		54E8B9A32054085000CEEFA3 /* Theming.swift */ = {isa = PBXFileReference; lastKnownFileType = sourcecode.swift; path = Theming.swift; sourceTree = "<group>"; };
		54E8B9A520540A0C00CEEFA3 /* Cell.swift */ = {isa = PBXFileReference; lastKnownFileType = sourcecode.swift; path = Cell.swift; sourceTree = "<group>"; };
		557BA9F4E6C0CD7542527567 /* Pods-NotTwitter.debug.xcconfig */ = {isa = PBXFileReference; includeInIndex = 1; lastKnownFileType = text.xcconfig; name = "Pods-NotTwitter.debug.xcconfig"; path = "Pods/Target Support Files/Pods-NotTwitter/Pods-NotTwitter.debug.xcconfig"; sourceTree = "<group>"; };
		5E32D5C7A6B93061AA6F2E4E /* Pods.framework */ = {isa = PBXFileReference; explicitFileType = wrapper.framework; includeInIndex = 0; path = Pods.framework; sourceTree = BUILT_PRODUCTS_DIR; };
		97CF41E9D825DEAA39984224 /* LICENSE */ = {isa = PBXFileReference; includeInIndex = 1; lastKnownFileType = text; name = LICENSE; path = ../LICENSE; sourceTree = "<group>"; };
		A588D666FE12EED210F1AE55 /* Pods-NotTwitter.release.xcconfig */ = {isa = PBXFileReference; includeInIndex = 1; lastKnownFileType = text.xcconfig; name = "Pods-NotTwitter.release.xcconfig"; path = "Pods/Target Support Files/Pods-NotTwitter/Pods-NotTwitter.release.xcconfig"; sourceTree = "<group>"; };
		EFCCB1BC7D6B32199D17E93B /* Pods_NotTwitter.framework */ = {isa = PBXFileReference; explicitFileType = wrapper.framework; includeInIndex = 0; path = Pods_NotTwitter.framework; sourceTree = BUILT_PRODUCTS_DIR; };
/* End PBXFileReference section */

/* Begin PBXFrameworksBuildPhase section */
		540B99DC2053FCAF0086FF61 /* Frameworks */ = {
			isa = PBXFrameworksBuildPhase;
			buildActionMask = 2147483647;
			files = (
				54A1D799206859920088079D /* Peek.framework in Frameworks */,
				E05AB35149930122FE1F4259 /* Pods_NotTwitter.framework in Frameworks */,
			);
			runOnlyForDeploymentPostprocessing = 0;
		};
/* End PBXFrameworksBuildPhase section */

/* Begin PBXGroup section */
		540B99E02053FCAF0086FF61 /* NotTwitter */ = {
			isa = PBXGroup;
			children = (
				54CCC059253860F100B6E05D /* SwiftUI */,
				54E8B9A32054085000CEEFA3 /* Theming.swift */,
				540B99E12053FCAF0086FF61 /* AppDelegate.swift */,
				540B99E32053FCAF0086FF61 /* TimelineViewController.swift */,
				54CCC046253840C500B6E05D /* ContentView.swift */,
				542668D92054064500F6B016 /* TextView.swift */,
				54E8B9A520540A0C00CEEFA3 /* Cell.swift */,
				540B99E52053FCAF0086FF61 /* Main.storyboard */,
				540B99E82053FCAF0086FF61 /* Assets.xcassets */,
				540B99EA2053FCAF0086FF61 /* LaunchScreen.storyboard */,
				540B99ED2053FCAF0086FF61 /* Info.plist */,
			);
			path = NotTwitter;
			sourceTree = "<group>";
		};
		54CCC059253860F100B6E05D /* SwiftUI */ = {
			isa = PBXGroup;
			children = (
				54CCC04325382ED500B6E05D /* ProfileView.swift */,
				54CCC04925385E8900B6E05D /* ProfileHeaderView.swift */,
				54CCC04E25385ECA00B6E05D /* ProfileFollowsView.swift */,
				54CCC05325385F0600B6E05D /* ProfileOptionsView.swift */,
				54CCC05625385F6400B6E05D /* ProfileBackgroundModifier.swift */,
			);
			path = SwiftUI;
			sourceTree = "<group>";
		};
		607FACC71AFB9204008FA782 = {
			isa = PBXGroup;
			children = (
				540B99E02053FCAF0086FF61 /* NotTwitter */,
				607FACF51AFB993E008FA782 /* Metadata */,
				607FACD11AFB9204008FA782 /* Products */,
				E2E8F8A85E45DCC5960CA27A /* Frameworks */,
				D4D18AA6335E7D0726702C3B /* Pods */,
			);
			indentWidth = 4;
			sourceTree = "<group>";
			tabWidth = 4;
		};
		607FACD11AFB9204008FA782 /* Products */ = {
			isa = PBXGroup;
			children = (
				540B99DF2053FCAF0086FF61 /* NotTwitter.app */,
			);
			name = Products;
			sourceTree = "<group>";
		};
		607FACF51AFB993E008FA782 /* Metadata */ = {
			isa = PBXGroup;
			children = (
				2294D63777F3A53CCD6C4977 /* Peek.podspec */,
				97CF41E9D825DEAA39984224 /* LICENSE */,
				25235662A734B5CC098E5A5F /* README.md */,
				5472753B20695E7300F1A975 /* CHANGELOG.md */,
				5472753C20695E7300F1A975 /* CODE_OF_CONDUCT.md */,
				5472753A20695E7300F1A975 /* CONTRIBUTING.md */,
				5472753D20695E7B00F1A975 /* pull_request_template.md */,
			);
			name = Metadata;
			sourceTree = "<group>";
		};
		D4D18AA6335E7D0726702C3B /* Pods */ = {
			isa = PBXGroup;
			children = (
				557BA9F4E6C0CD7542527567 /* Pods-NotTwitter.debug.xcconfig */,
				A588D666FE12EED210F1AE55 /* Pods-NotTwitter.release.xcconfig */,
			);
			name = Pods;
			sourceTree = "<group>";
		};
		E2E8F8A85E45DCC5960CA27A /* Frameworks */ = {
			isa = PBXGroup;
			children = (
				54A1D79A206859920088079D /* Peek.framework */,
				54533DEB1C66D1DB00527626 /* PhotosUI.framework */,
				54533DED1C66D1DB00527626 /* Photos.framework */,
				5E32D5C7A6B93061AA6F2E4E /* Pods.framework */,
				EFCCB1BC7D6B32199D17E93B /* Pods_NotTwitter.framework */,
			);
			name = Frameworks;
			sourceTree = "<group>";
		};
/* End PBXGroup section */

/* Begin PBXNativeTarget section */
		540B99DE2053FCAF0086FF61 /* NotTwitter */ = {
			isa = PBXNativeTarget;
			buildConfigurationList = 540B99F02053FCAF0086FF61 /* Build configuration list for PBXNativeTarget "NotTwitter" */;
			buildPhases = (
				CC7EA6BA67698CDE67E0F835 /* [CP] Check Pods Manifest.lock */,
				540B99DB2053FCAF0086FF61 /* Sources */,
				540B99DC2053FCAF0086FF61 /* Frameworks */,
				540B99DD2053FCAF0086FF61 /* Resources */,
				177430EFC11D2BB85F73FF40 /* [CP] Embed Pods Frameworks */,
			);
			buildRules = (
			);
			dependencies = (
			);
			name = NotTwitter;
			productName = NotTwitter;
			productReference = 540B99DF2053FCAF0086FF61 /* NotTwitter.app */;
			productType = "com.apple.product-type.application";
		};
/* End PBXNativeTarget section */

/* Begin PBXProject section */
		607FACC81AFB9204008FA782 /* Project object */ = {
			isa = PBXProject;
			attributes = {
				LastSwiftUpdateCheck = 0920;
				LastUpgradeCheck = 1120;
				ORGANIZATIONNAME = Snippex;
				TargetAttributes = {
					540B99DE2053FCAF0086FF61 = {
						CreatedOnToolsVersion = 9.2;
						DevelopmentTeam = V2CWYL9AN8;
						ProvisioningStyle = Automatic;
					};
				};
			};
			buildConfigurationList = 607FACCB1AFB9204008FA782 /* Build configuration list for PBXProject "Peek" */;
			compatibilityVersion = "Xcode 6.3";
			developmentRegion = en;
			hasScannedForEncodings = 0;
			knownRegions = (
				en,
				Base,
			);
			mainGroup = 607FACC71AFB9204008FA782;
			productRefGroup = 607FACD11AFB9204008FA782 /* Products */;
			projectDirPath = "";
			projectRoot = "";
			targets = (
				540B99DE2053FCAF0086FF61 /* NotTwitter */,
			);
		};
/* End PBXProject section */

/* Begin PBXResourcesBuildPhase section */
		540B99DD2053FCAF0086FF61 /* Resources */ = {
			isa = PBXResourcesBuildPhase;
			buildActionMask = 2147483647;
			files = (
				540B99EC2053FCAF0086FF61 /* LaunchScreen.storyboard in Resources */,
				540B99E92053FCAF0086FF61 /* Assets.xcassets in Resources */,
				540B99E72053FCAF0086FF61 /* Main.storyboard in Resources */,
			);
			runOnlyForDeploymentPostprocessing = 0;
		};
/* End PBXResourcesBuildPhase section */

/* Begin PBXShellScriptBuildPhase section */
		177430EFC11D2BB85F73FF40 /* [CP] Embed Pods Frameworks */ = {
			isa = PBXShellScriptBuildPhase;
			buildActionMask = 2147483647;
			files = (
			);
			inputPaths = (
				"${PODS_ROOT}/Target Support Files/Pods-NotTwitter/Pods-NotTwitter-frameworks.sh",
				"${BUILT_PRODUCTS_DIR}/Peek/Peek.framework",
			);
			name = "[CP] Embed Pods Frameworks";
			outputPaths = (
				"${TARGET_BUILD_DIR}/${FRAMEWORKS_FOLDER_PATH}/Peek.framework",
			);
			runOnlyForDeploymentPostprocessing = 0;
			shellPath = /bin/sh;
			shellScript = "\"${PODS_ROOT}/Target Support Files/Pods-NotTwitter/Pods-NotTwitter-frameworks.sh\"\n";
			showEnvVarsInLog = 0;
		};
		CC7EA6BA67698CDE67E0F835 /* [CP] Check Pods Manifest.lock */ = {
			isa = PBXShellScriptBuildPhase;
			buildActionMask = 2147483647;
			files = (
			);
			inputPaths = (
				"${PODS_PODFILE_DIR_PATH}/Podfile.lock",
				"${PODS_ROOT}/Manifest.lock",
			);
			name = "[CP] Check Pods Manifest.lock";
			outputPaths = (
				"$(DERIVED_FILE_DIR)/Pods-NotTwitter-checkManifestLockResult.txt",
			);
			runOnlyForDeploymentPostprocessing = 0;
			shellPath = /bin/sh;
			shellScript = "diff \"${PODS_PODFILE_DIR_PATH}/Podfile.lock\" \"${PODS_ROOT}/Manifest.lock\" > /dev/null\nif [ $? != 0 ] ; then\n    # print error to STDERR\n    echo \"error: The sandbox is not in sync with the Podfile.lock. Run 'pod install' or update your CocoaPods installation.\" >&2\n    exit 1\nfi\n# This output is used by Xcode 'outputs' to avoid re-running this script phase.\necho \"SUCCESS\" > \"${SCRIPT_OUTPUT_FILE_0}\"\n";
			showEnvVarsInLog = 0;
		};
/* End PBXShellScriptBuildPhase section */

/* Begin PBXSourcesBuildPhase section */
		540B99DB2053FCAF0086FF61 /* Sources */ = {
			isa = PBXSourcesBuildPhase;
			buildActionMask = 2147483647;
			files = (
				542668DA2054064500F6B016 /* TextView.swift in Sources */,
				540B99E42053FCAF0086FF61 /* TimelineViewController.swift in Sources */,
				54CCC047253840C500B6E05D /* ContentView.swift in Sources */,
				54CCC04F25385ECA00B6E05D /* ProfileFollowsView.swift in Sources */,
				54E8B9A42054085000CEEFA3 /* Theming.swift in Sources */,
				54CCC05425385F0600B6E05D /* ProfileOptionsView.swift in Sources */,
				540B99E22053FCAF0086FF61 /* AppDelegate.swift in Sources */,
				54CCC04A25385E8900B6E05D /* ProfileHeaderView.swift in Sources */,
				54CCC05725385F6400B6E05D /* ProfileBackgroundModifier.swift in Sources */,
				54CCC04425382ED500B6E05D /* ProfileView.swift in Sources */,
				54E8B9A620540A0C00CEEFA3 /* Cell.swift in Sources */,
			);
			runOnlyForDeploymentPostprocessing = 0;
		};
/* End PBXSourcesBuildPhase section */

/* Begin PBXVariantGroup section */
		540B99E52053FCAF0086FF61 /* Main.storyboard */ = {
			isa = PBXVariantGroup;
			children = (
				540B99E62053FCAF0086FF61 /* Base */,
			);
			name = Main.storyboard;
			sourceTree = "<group>";
		};
		540B99EA2053FCAF0086FF61 /* LaunchScreen.storyboard */ = {
			isa = PBXVariantGroup;
			children = (
				540B99EB2053FCAF0086FF61 /* Base */,
			);
			name = LaunchScreen.storyboard;
			sourceTree = "<group>";
		};
/* End PBXVariantGroup section */

/* Begin XCBuildConfiguration section */
		540B99EE2053FCAF0086FF61 /* Debug */ = {
			isa = XCBuildConfiguration;
			baseConfigurationReference = 557BA9F4E6C0CD7542527567 /* Pods-NotTwitter.debug.xcconfig */;
			buildSettings = {
				ASSETCATALOG_COMPILER_APPICON_NAME = AppIcon;
				CLANG_ANALYZER_NONNULL = YES;
				CLANG_ANALYZER_NUMBER_OBJECT_CONVERSION = YES_AGGRESSIVE;
				CLANG_CXX_LANGUAGE_STANDARD = "gnu++14";
				CLANG_WARN_DOCUMENTATION_COMMENTS = YES;
				CLANG_WARN_UNGUARDED_AVAILABILITY = YES_AGGRESSIVE;
				CODE_SIGN_STYLE = Automatic;
				DEBUG_INFORMATION_FORMAT = dwarf;
				DEVELOPMENT_TEAM = V2CWYL9AN8;
				GCC_C_LANGUAGE_STANDARD = gnu11;
				INFOPLIST_FILE = NotTwitter/Info.plist;
				IPHONEOS_DEPLOYMENT_TARGET = 9.0;
				LD_RUNPATH_SEARCH_PATHS = "$(inherited) @executable_path/Frameworks";
				MARKETING_VERSION = 5.3.0;
				PRODUCT_BUNDLE_IDENTIFIER = com.152percent.NotTwitter;
				PRODUCT_NAME = "$(TARGET_NAME)";
				SWIFT_ACTIVE_COMPILATION_CONDITIONS = DEBUG;
				SWIFT_VERSION = 5.0;
				TARGETED_DEVICE_FAMILY = "1,2";
			};
			name = Debug;
		};
		540B99EF2053FCAF0086FF61 /* Release */ = {
			isa = XCBuildConfiguration;
			baseConfigurationReference = A588D666FE12EED210F1AE55 /* Pods-NotTwitter.release.xcconfig */;
			buildSettings = {
				ASSETCATALOG_COMPILER_APPICON_NAME = AppIcon;
				CLANG_ANALYZER_NONNULL = YES;
				CLANG_ANALYZER_NUMBER_OBJECT_CONVERSION = YES_AGGRESSIVE;
				CLANG_CXX_LANGUAGE_STANDARD = "gnu++14";
				CLANG_WARN_DOCUMENTATION_COMMENTS = YES;
				CLANG_WARN_UNGUARDED_AVAILABILITY = YES_AGGRESSIVE;
				CODE_SIGN_STYLE = Automatic;
				DEVELOPMENT_TEAM = V2CWYL9AN8;
				GCC_C_LANGUAGE_STANDARD = gnu11;
				INFOPLIST_FILE = NotTwitter/Info.plist;
				IPHONEOS_DEPLOYMENT_TARGET = 9.0;
				LD_RUNPATH_SEARCH_PATHS = "$(inherited) @executable_path/Frameworks";
				MARKETING_VERSION = 5.3.0;
				PRODUCT_BUNDLE_IDENTIFIER = com.152percent.NotTwitter;
				PRODUCT_NAME = "$(TARGET_NAME)";
				SWIFT_OPTIMIZATION_LEVEL = "-Owholemodule";
				SWIFT_VERSION = 5.0;
				TARGETED_DEVICE_FAMILY = "1,2";
			};
			name = Release;
		};
		607FACED1AFB9204008FA782 /* Debug */ = {
			isa = XCBuildConfiguration;
			buildSettings = {
				ALWAYS_SEARCH_USER_PATHS = NO;
				CLANG_ANALYZER_LOCALIZABILITY_NONLOCALIZED = YES;
				CLANG_CXX_LANGUAGE_STANDARD = "gnu++0x";
				CLANG_CXX_LIBRARY = "libc++";
				CLANG_ENABLE_MODULES = YES;
				CLANG_ENABLE_OBJC_ARC = YES;
				CLANG_WARN_BLOCK_CAPTURE_AUTORELEASING = YES;
				CLANG_WARN_BOOL_CONVERSION = YES;
				CLANG_WARN_COMMA = YES;
				CLANG_WARN_CONSTANT_CONVERSION = YES;
				CLANG_WARN_DEPRECATED_OBJC_IMPLEMENTATIONS = YES;
				CLANG_WARN_DIRECT_OBJC_ISA_USAGE = YES_ERROR;
				CLANG_WARN_EMPTY_BODY = YES;
				CLANG_WARN_ENUM_CONVERSION = YES;
				CLANG_WARN_INFINITE_RECURSION = YES;
				CLANG_WARN_INT_CONVERSION = YES;
				CLANG_WARN_NON_LITERAL_NULL_CONVERSION = YES;
				CLANG_WARN_OBJC_IMPLICIT_RETAIN_SELF = YES;
				CLANG_WARN_OBJC_LITERAL_CONVERSION = YES;
				CLANG_WARN_OBJC_ROOT_CLASS = YES_ERROR;
				CLANG_WARN_RANGE_LOOP_ANALYSIS = YES;
				CLANG_WARN_STRICT_PROTOTYPES = YES;
				CLANG_WARN_SUSPICIOUS_MOVE = YES;
				CLANG_WARN_UNREACHABLE_CODE = YES;
				CLANG_WARN__DUPLICATE_METHOD_MATCH = YES;
				CODE_SIGN_IDENTITY = "iPhone Developer";
				COPY_PHASE_STRIP = NO;
				DEBUG_INFORMATION_FORMAT = "dwarf-with-dsym";
				ENABLE_STRICT_OBJC_MSGSEND = YES;
				ENABLE_TESTABILITY = YES;
				GCC_C_LANGUAGE_STANDARD = gnu99;
				GCC_DYNAMIC_NO_PIC = NO;
				GCC_NO_COMMON_BLOCKS = YES;
				GCC_OPTIMIZATION_LEVEL = 0;
				GCC_PREPROCESSOR_DEFINITIONS = (
					"DEBUG=1",
					"$(inherited)",
				);
				GCC_SYMBOLS_PRIVATE_EXTERN = NO;
				GCC_WARN_64_TO_32_BIT_CONVERSION = YES;
				GCC_WARN_ABOUT_RETURN_TYPE = YES_ERROR;
				GCC_WARN_UNDECLARED_SELECTOR = YES;
				GCC_WARN_UNINITIALIZED_AUTOS = YES_AGGRESSIVE;
				GCC_WARN_UNUSED_FUNCTION = YES;
				GCC_WARN_UNUSED_VARIABLE = YES;
				IPHONEOS_DEPLOYMENT_TARGET = 8.3;
				MTL_ENABLE_DEBUG_INFO = YES;
				ONLY_ACTIVE_ARCH = YES;
				SDKROOT = iphoneos;
				SWIFT_OPTIMIZATION_LEVEL = "-Onone";
				SWIFT_VERSION = 2.3;
			};
			name = Debug;
		};
		607FACEE1AFB9204008FA782 /* Release */ = {
			isa = XCBuildConfiguration;
			buildSettings = {
				ALWAYS_SEARCH_USER_PATHS = NO;
				CLANG_ANALYZER_LOCALIZABILITY_NONLOCALIZED = YES;
				CLANG_CXX_LANGUAGE_STANDARD = "gnu++0x";
				CLANG_CXX_LIBRARY = "libc++";
				CLANG_ENABLE_MODULES = YES;
				CLANG_ENABLE_OBJC_ARC = YES;
				CLANG_WARN_BLOCK_CAPTURE_AUTORELEASING = YES;
				CLANG_WARN_BOOL_CONVERSION = YES;
				CLANG_WARN_COMMA = YES;
				CLANG_WARN_CONSTANT_CONVERSION = YES;
				CLANG_WARN_DEPRECATED_OBJC_IMPLEMENTATIONS = YES;
				CLANG_WARN_DIRECT_OBJC_ISA_USAGE = YES_ERROR;
				CLANG_WARN_EMPTY_BODY = YES;
				CLANG_WARN_ENUM_CONVERSION = YES;
				CLANG_WARN_INFINITE_RECURSION = YES;
				CLANG_WARN_INT_CONVERSION = YES;
				CLANG_WARN_NON_LITERAL_NULL_CONVERSION = YES;
				CLANG_WARN_OBJC_IMPLICIT_RETAIN_SELF = YES;
				CLANG_WARN_OBJC_LITERAL_CONVERSION = YES;
				CLANG_WARN_OBJC_ROOT_CLASS = YES_ERROR;
				CLANG_WARN_RANGE_LOOP_ANALYSIS = YES;
				CLANG_WARN_STRICT_PROTOTYPES = YES;
				CLANG_WARN_SUSPICIOUS_MOVE = YES;
				CLANG_WARN_UNREACHABLE_CODE = YES;
				CLANG_WARN__DUPLICATE_METHOD_MATCH = YES;
				CODE_SIGN_IDENTITY = "iPhone Developer";
				COPY_PHASE_STRIP = NO;
				DEBUG_INFORMATION_FORMAT = "dwarf-with-dsym";
				ENABLE_NS_ASSERTIONS = NO;
				ENABLE_STRICT_OBJC_MSGSEND = YES;
				GCC_C_LANGUAGE_STANDARD = gnu99;
				GCC_NO_COMMON_BLOCKS = YES;
				GCC_WARN_64_TO_32_BIT_CONVERSION = YES;
				GCC_WARN_ABOUT_RETURN_TYPE = YES_ERROR;
				GCC_WARN_UNDECLARED_SELECTOR = YES;
				GCC_WARN_UNINITIALIZED_AUTOS = YES_AGGRESSIVE;
				GCC_WARN_UNUSED_FUNCTION = YES;
				GCC_WARN_UNUSED_VARIABLE = YES;
				IPHONEOS_DEPLOYMENT_TARGET = 8.3;
				MTL_ENABLE_DEBUG_INFO = NO;
				SDKROOT = iphoneos;
				SWIFT_VERSION = 2.3;
				VALIDATE_PRODUCT = YES;
			};
			name = Release;
		};
/* End XCBuildConfiguration section */

/* Begin XCConfigurationList section */
		540B99F02053FCAF0086FF61 /* Build configuration list for PBXNativeTarget "NotTwitter" */ = {
			isa = XCConfigurationList;
			buildConfigurations = (
				540B99EE2053FCAF0086FF61 /* Debug */,
				540B99EF2053FCAF0086FF61 /* Release */,
			);
			defaultConfigurationIsVisible = 0;
			defaultConfigurationName = Release;
		};
		607FACCB1AFB9204008FA782 /* Build configuration list for PBXProject "Peek" */ = {
			isa = XCConfigurationList;
			buildConfigurations = (
				607FACED1AFB9204008FA782 /* Debug */,
				607FACEE1AFB9204008FA782 /* Release */,
			);
			defaultConfigurationIsVisible = 0;
			defaultConfigurationName = Release;
		};
/* End XCConfigurationList section */
	};
	rootObject = 607FACC81AFB9204008FA782 /* Project object */;
}
