// !$*UTF8*$!
{
	archiveVersion = 1;
	classes = {
	};
	objectVersion = 47;
	objects = {

/* Begin PBXBuildFile section */
		542E83611CBADC9100598A9F /* OpenSans-Bold.ttf in Resources */ = {isa = PBXBuildFile; fileRef = 542E83561CBADC9100598A9F /* OpenSans-Bold.ttf */; };
		542E83621CBADC9100598A9F /* OpenSans-BoldItalic.ttf in Resources */ = {isa = PBXBuildFile; fileRef = 542E83571CBADC9100598A9F /* OpenSans-BoldItalic.ttf */; };
		542E83631CBADC9100598A9F /* OpenSans-ExtraBold.ttf in Resources */ = {isa = PBXBuildFile; fileRef = 542E83581CBADC9100598A9F /* OpenSans-ExtraBold.ttf */; };
		542E83641CBADC9100598A9F /* OpenSans-ExtraBoldItalic.ttf in Resources */ = {isa = PBXBuildFile; fileRef = 542E83591CBADC9100598A9F /* OpenSans-ExtraBoldItalic.ttf */; };
		542E83651CBADC9100598A9F /* OpenSans-Italic.ttf in Resources */ = {isa = PBXBuildFile; fileRef = 542E835A1CBADC9100598A9F /* OpenSans-Italic.ttf */; };
		542E83661CBADC9100598A9F /* OpenSans-Light.ttf in Resources */ = {isa = PBXBuildFile; fileRef = 542E835B1CBADC9100598A9F /* OpenSans-Light.ttf */; };
		542E83671CBADC9100598A9F /* OpenSans-LightItalic.ttf in Resources */ = {isa = PBXBuildFile; fileRef = 542E835C1CBADC9100598A9F /* OpenSans-LightItalic.ttf */; };
		542E83681CBADC9100598A9F /* OpenSans-Regular.ttf in Resources */ = {isa = PBXBuildFile; fileRef = 542E835D1CBADC9100598A9F /* OpenSans-Regular.ttf */; };
		542E83691CBADC9100598A9F /* OpenSans-Semibold.ttf in Resources */ = {isa = PBXBuildFile; fileRef = 542E835E1CBADC9100598A9F /* OpenSans-Semibold.ttf */; };
		542E836A1CBADC9100598A9F /* OpenSans-SemiboldItalic.ttf in Resources */ = {isa = PBXBuildFile; fileRef = 542E835F1CBADC9100598A9F /* OpenSans-SemiboldItalic.ttf */; };
		542E83721CBADCD700598A9F /* Button.swift in Sources */ = {isa = PBXBuildFile; fileRef = 542E836B1CBADCD700598A9F /* Button.swift */; };
		542E83731CBADCD700598A9F /* ImageCache.swift in Sources */ = {isa = PBXBuildFile; fileRef = 542E836C1CBADCD700598A9F /* ImageCache.swift */; };
		542E83741CBADCD700598A9F /* ImageView.swift in Sources */ = {isa = PBXBuildFile; fileRef = 542E836D1CBADCD700598A9F /* ImageView.swift */; };
		542E83751CBADCD700598A9F /* Model.swift in Sources */ = {isa = PBXBuildFile; fileRef = 542E836E1CBADCD700598A9F /* Model.swift */; };
		542E83761CBADCD700598A9F /* Separator.swift in Sources */ = {isa = PBXBuildFile; fileRef = 542E836F1CBADCD700598A9F /* Separator.swift */; };
		542E83771CBADCD700598A9F /* Week.swift in Sources */ = {isa = PBXBuildFile; fileRef = 542E83701CBADCD700598A9F /* Week.swift */; };
		542E83781CBADCD700598A9F /* WeekCell.swift in Sources */ = {isa = PBXBuildFile; fileRef = 542E83711CBADCD700598A9F /* WeekCell.swift */; };
		607FACD61AFB9204008FA782 /* AppDelegate.swift in Sources */ = {isa = PBXBuildFile; fileRef = 607FACD51AFB9204008FA782 /* AppDelegate.swift */; };
		607FACD81AFB9204008FA782 /* ViewController.swift in Sources */ = {isa = PBXBuildFile; fileRef = 607FACD71AFB9204008FA782 /* ViewController.swift */; };
		607FACDB1AFB9204008FA782 /* Main.storyboard in Resources */ = {isa = PBXBuildFile; fileRef = 607FACD91AFB9204008FA782 /* Main.storyboard */; };
		607FACDD1AFB9204008FA782 /* Images.xcassets in Resources */ = {isa = PBXBuildFile; fileRef = 607FACDC1AFB9204008FA782 /* Images.xcassets */; };
		607FACE01AFB9204008FA782 /* LaunchScreen.xib in Resources */ = {isa = PBXBuildFile; fileRef = 607FACDE1AFB9204008FA782 /* LaunchScreen.xib */; };
		D74F7C857F75322FB0051DE7 /* Pods_Peek_Example.framework in Frameworks */ = {isa = PBXBuildFile; fileRef = 32232655F65620A924B51CD3 /* Pods_Peek_Example.framework */; };
/* End PBXBuildFile section */

/* Begin PBXFileReference section */
		2294D63777F3A53CCD6C4977 /* Peek.podspec */ = {isa = PBXFileReference; includeInIndex = 1; lastKnownFileType = text; name = Peek.podspec; path = ../Peek.podspec; sourceTree = "<group>"; xcLanguageSpecificationIdentifier = xcode.lang.ruby; };
		25235662A734B5CC098E5A5F /* README.md */ = {isa = PBXFileReference; includeInIndex = 1; lastKnownFileType = net.daringfireball.markdown; name = README.md; path = ../README.md; sourceTree = "<group>"; };
		32232655F65620A924B51CD3 /* Pods_Peek_Example.framework */ = {isa = PBXFileReference; explicitFileType = wrapper.framework; includeInIndex = 0; path = Pods_Peek_Example.framework; sourceTree = BUILT_PRODUCTS_DIR; };
		542E83561CBADC9100598A9F /* OpenSans-Bold.ttf */ = {isa = PBXFileReference; lastKnownFileType = file; name = "OpenSans-Bold.ttf"; path = "Fonts/OpenSans-Bold.ttf"; sourceTree = "<group>"; };
		542E83571CBADC9100598A9F /* OpenSans-BoldItalic.ttf */ = {isa = PBXFileReference; lastKnownFileType = file; name = "OpenSans-BoldItalic.ttf"; path = "Fonts/OpenSans-BoldItalic.ttf"; sourceTree = "<group>"; };
		542E83581CBADC9100598A9F /* OpenSans-ExtraBold.ttf */ = {isa = PBXFileReference; lastKnownFileType = file; name = "OpenSans-ExtraBold.ttf"; path = "Fonts/OpenSans-ExtraBold.ttf"; sourceTree = "<group>"; };
		542E83591CBADC9100598A9F /* OpenSans-ExtraBoldItalic.ttf */ = {isa = PBXFileReference; lastKnownFileType = file; name = "OpenSans-ExtraBoldItalic.ttf"; path = "Fonts/OpenSans-ExtraBoldItalic.ttf"; sourceTree = "<group>"; };
		542E835A1CBADC9100598A9F /* OpenSans-Italic.ttf */ = {isa = PBXFileReference; lastKnownFileType = file; name = "OpenSans-Italic.ttf"; path = "Fonts/OpenSans-Italic.ttf"; sourceTree = "<group>"; };
		542E835B1CBADC9100598A9F /* OpenSans-Light.ttf */ = {isa = PBXFileReference; lastKnownFileType = file; name = "OpenSans-Light.ttf"; path = "Fonts/OpenSans-Light.ttf"; sourceTree = "<group>"; };
		542E835C1CBADC9100598A9F /* OpenSans-LightItalic.ttf */ = {isa = PBXFileReference; lastKnownFileType = file; name = "OpenSans-LightItalic.ttf"; path = "Fonts/OpenSans-LightItalic.ttf"; sourceTree = "<group>"; };
		542E835D1CBADC9100598A9F /* OpenSans-Regular.ttf */ = {isa = PBXFileReference; lastKnownFileType = file; name = "OpenSans-Regular.ttf"; path = "Fonts/OpenSans-Regular.ttf"; sourceTree = "<group>"; };
		542E835E1CBADC9100598A9F /* OpenSans-Semibold.ttf */ = {isa = PBXFileReference; lastKnownFileType = file; name = "OpenSans-Semibold.ttf"; path = "Fonts/OpenSans-Semibold.ttf"; sourceTree = "<group>"; };
		542E835F1CBADC9100598A9F /* OpenSans-SemiboldItalic.ttf */ = {isa = PBXFileReference; lastKnownFileType = file; name = "OpenSans-SemiboldItalic.ttf"; path = "Fonts/OpenSans-SemiboldItalic.ttf"; sourceTree = "<group>"; };
		542E836B1CBADCD700598A9F /* Button.swift */ = {isa = PBXFileReference; fileEncoding = 4; lastKnownFileType = sourcecode.swift; path = Button.swift; sourceTree = "<group>"; };
		542E836C1CBADCD700598A9F /* ImageCache.swift */ = {isa = PBXFileReference; fileEncoding = 4; lastKnownFileType = sourcecode.swift; path = ImageCache.swift; sourceTree = "<group>"; };
		542E836D1CBADCD700598A9F /* ImageView.swift */ = {isa = PBXFileReference; fileEncoding = 4; lastKnownFileType = sourcecode.swift; path = ImageView.swift; sourceTree = "<group>"; };
		542E836E1CBADCD700598A9F /* Model.swift */ = {isa = PBXFileReference; fileEncoding = 4; lastKnownFileType = sourcecode.swift; path = Model.swift; sourceTree = "<group>"; };
		542E836F1CBADCD700598A9F /* Separator.swift */ = {isa = PBXFileReference; fileEncoding = 4; lastKnownFileType = sourcecode.swift; path = Separator.swift; sourceTree = "<group>"; };
		542E83701CBADCD700598A9F /* Week.swift */ = {isa = PBXFileReference; fileEncoding = 4; lastKnownFileType = sourcecode.swift; path = Week.swift; sourceTree = "<group>"; };
		542E83711CBADCD700598A9F /* WeekCell.swift */ = {isa = PBXFileReference; fileEncoding = 4; lastKnownFileType = sourcecode.swift; path = WeekCell.swift; sourceTree = "<group>"; };
		54533DEB1C66D1DB00527626 /* PhotosUI.framework */ = {isa = PBXFileReference; lastKnownFileType = wrapper.framework; name = PhotosUI.framework; path = System/Library/Frameworks/PhotosUI.framework; sourceTree = SDKROOT; };
		54533DED1C66D1DB00527626 /* Photos.framework */ = {isa = PBXFileReference; lastKnownFileType = wrapper.framework; name = Photos.framework; path = System/Library/Frameworks/Photos.framework; sourceTree = SDKROOT; };
		54C2B8311D8C9D0400463298 /* Peek-Example-Bridging-Header.h */ = {isa = PBXFileReference; lastKnownFileType = sourcecode.c.h; path = "Peek-Example-Bridging-Header.h"; sourceTree = "<group>"; };
		5E32D5C7A6B93061AA6F2E4E /* Pods.framework */ = {isa = PBXFileReference; explicitFileType = wrapper.framework; includeInIndex = 0; path = Pods.framework; sourceTree = BUILT_PRODUCTS_DIR; };
		607FACD01AFB9204008FA782 /* Peek-Example.app */ = {isa = PBXFileReference; explicitFileType = wrapper.application; includeInIndex = 0; path = "Peek-Example.app"; sourceTree = BUILT_PRODUCTS_DIR; };
		607FACD41AFB9204008FA782 /* Info.plist */ = {isa = PBXFileReference; lastKnownFileType = text.plist.xml; path = Info.plist; sourceTree = "<group>"; };
		607FACD51AFB9204008FA782 /* AppDelegate.swift */ = {isa = PBXFileReference; lastKnownFileType = sourcecode.swift; path = AppDelegate.swift; sourceTree = "<group>"; };
		607FACD71AFB9204008FA782 /* ViewController.swift */ = {isa = PBXFileReference; lastKnownFileType = sourcecode.swift; path = ViewController.swift; sourceTree = "<group>"; };
		607FACDA1AFB9204008FA782 /* Base */ = {isa = PBXFileReference; lastKnownFileType = file.storyboard; name = Base; path = Base.lproj/Main.storyboard; sourceTree = "<group>"; };
		607FACDC1AFB9204008FA782 /* Images.xcassets */ = {isa = PBXFileReference; lastKnownFileType = folder.assetcatalog; path = Images.xcassets; sourceTree = "<group>"; };
		607FACDF1AFB9204008FA782 /* Base */ = {isa = PBXFileReference; lastKnownFileType = file.xib; name = Base; path = Base.lproj/LaunchScreen.xib; sourceTree = "<group>"; };
		73CC2C48BDC639F2E4A2A5CE /* Pods-Peek-Example.release.xcconfig */ = {isa = PBXFileReference; includeInIndex = 1; lastKnownFileType = text.xcconfig; name = "Pods-Peek-Example.release.xcconfig"; path = "Pods/Target Support Files/Pods-Peek-Example/Pods-Peek-Example.release.xcconfig"; sourceTree = "<group>"; };
		849E1DC4F32E49D4C263B9DD /* Pods-Peek-Example.debug.xcconfig */ = {isa = PBXFileReference; includeInIndex = 1; lastKnownFileType = text.xcconfig; name = "Pods-Peek-Example.debug.xcconfig"; path = "Pods/Target Support Files/Pods-Peek-Example/Pods-Peek-Example.debug.xcconfig"; sourceTree = "<group>"; };
		97CF41E9D825DEAA39984224 /* LICENSE */ = {isa = PBXFileReference; includeInIndex = 1; lastKnownFileType = text; name = LICENSE; path = ../LICENSE; sourceTree = "<group>"; };
/* End PBXFileReference section */

/* Begin PBXFrameworksBuildPhase section */
		607FACCD1AFB9204008FA782 /* Frameworks */ = {
			isa = PBXFrameworksBuildPhase;
			buildActionMask = 2147483647;
			files = (
				D74F7C857F75322FB0051DE7 /* Pods_Peek_Example.framework in Frameworks */,
			);
			runOnlyForDeploymentPostprocessing = 0;
		};
/* End PBXFrameworksBuildPhase section */

/* Begin PBXGroup section */
		542E83601CBADC9100598A9F /* Resources */ = {
			isa = PBXGroup;
			children = (
				542E83561CBADC9100598A9F /* OpenSans-Bold.ttf */,
				542E83571CBADC9100598A9F /* OpenSans-BoldItalic.ttf */,
				542E83581CBADC9100598A9F /* OpenSans-ExtraBold.ttf */,
				542E83591CBADC9100598A9F /* OpenSans-ExtraBoldItalic.ttf */,
				542E835A1CBADC9100598A9F /* OpenSans-Italic.ttf */,
				542E835B1CBADC9100598A9F /* OpenSans-Light.ttf */,
				542E835C1CBADC9100598A9F /* OpenSans-LightItalic.ttf */,
				542E835D1CBADC9100598A9F /* OpenSans-Regular.ttf */,
				542E835E1CBADC9100598A9F /* OpenSans-Semibold.ttf */,
				542E835F1CBADC9100598A9F /* OpenSans-SemiboldItalic.ttf */,
			);
			name = Resources;
			path = ../Pods/OpenSans;
			sourceTree = "<group>";
		};
		607FACC71AFB9204008FA782 = {
			isa = PBXGroup;
			children = (
				607FACD21AFB9204008FA782 /* Example for Peek */,
				607FACF51AFB993E008FA782 /* Podspec Metadata */,
				607FACD11AFB9204008FA782 /* Products */,
				E2E8F8A85E45DCC5960CA27A /* Frameworks */,
				D0942F3F1252AB1078578C35 /* Pods */,
			);
			indentWidth = 4;
			sourceTree = "<group>";
			tabWidth = 4;
		};
		607FACD11AFB9204008FA782 /* Products */ = {
			isa = PBXGroup;
			children = (
				607FACD01AFB9204008FA782 /* Peek-Example.app */,
			);
			name = Products;
			sourceTree = "<group>";
		};
		607FACD21AFB9204008FA782 /* Example for Peek */ = {
			isa = PBXGroup;
			children = (
				607FACD51AFB9204008FA782 /* AppDelegate.swift */,
				607FACD71AFB9204008FA782 /* ViewController.swift */,
				542E836B1CBADCD700598A9F /* Button.swift */,
				542E836C1CBADCD700598A9F /* ImageCache.swift */,
				542E836D1CBADCD700598A9F /* ImageView.swift */,
				542E836E1CBADCD700598A9F /* Model.swift */,
				542E836F1CBADCD700598A9F /* Separator.swift */,
				542E83701CBADCD700598A9F /* Week.swift */,
				542E83711CBADCD700598A9F /* WeekCell.swift */,
				607FACD91AFB9204008FA782 /* Main.storyboard */,
				607FACDC1AFB9204008FA782 /* Images.xcassets */,
				607FACDE1AFB9204008FA782 /* LaunchScreen.xib */,
				542E83601CBADC9100598A9F /* Resources */,
				607FACD31AFB9204008FA782 /* Supporting Files */,
				54C2B8311D8C9D0400463298 /* Peek-Example-Bridging-Header.h */,
			);
			name = "Example for Peek";
			path = Peek;
			sourceTree = "<group>";
		};
		607FACD31AFB9204008FA782 /* Supporting Files */ = {
			isa = PBXGroup;
			children = (
				607FACD41AFB9204008FA782 /* Info.plist */,
			);
			name = "Supporting Files";
			sourceTree = "<group>";
		};
		607FACF51AFB993E008FA782 /* Podspec Metadata */ = {
			isa = PBXGroup;
			children = (
				2294D63777F3A53CCD6C4977 /* Peek.podspec */,
				25235662A734B5CC098E5A5F /* README.md */,
				97CF41E9D825DEAA39984224 /* LICENSE */,
			);
			name = "Podspec Metadata";
			sourceTree = "<group>";
		};
		D0942F3F1252AB1078578C35 /* Pods */ = {
			isa = PBXGroup;
			children = (
				849E1DC4F32E49D4C263B9DD /* Pods-Peek-Example.debug.xcconfig */,
				73CC2C48BDC639F2E4A2A5CE /* Pods-Peek-Example.release.xcconfig */,
			);
			name = Pods;
			sourceTree = "<group>";
		};
		E2E8F8A85E45DCC5960CA27A /* Frameworks */ = {
			isa = PBXGroup;
			children = (
				54533DEB1C66D1DB00527626 /* PhotosUI.framework */,
				54533DED1C66D1DB00527626 /* Photos.framework */,
				5E32D5C7A6B93061AA6F2E4E /* Pods.framework */,
				32232655F65620A924B51CD3 /* Pods_Peek_Example.framework */,
			);
			name = Frameworks;
			sourceTree = "<group>";
		};
/* End PBXGroup section */

/* Begin PBXNativeTarget section */
		607FACCF1AFB9204008FA782 /* Peek-Example */ = {
			isa = PBXNativeTarget;
			buildConfigurationList = 607FACEF1AFB9204008FA782 /* Build configuration list for PBXNativeTarget "Peek-Example" */;
			buildPhases = (
				A2E7D4C574D7296B44291E3F /* [CP] Check Pods Manifest.lock */,
				5467FD88203D98940017ADF9 /* Swift Lint */,
				607FACCC1AFB9204008FA782 /* Sources */,
				607FACCD1AFB9204008FA782 /* Frameworks */,
				607FACCE1AFB9204008FA782 /* Resources */,
				99B3EE99300777C5E9049E45 /* [CP] Embed Pods Frameworks */,
				66638CA98B00FB5B974BC064 /* [CP] Copy Pods Resources */,
				5467FD89203D989E0017ADF9 /* TODOs & FIXMEs */,
			);
			buildRules = (
			);
			dependencies = (
			);
			name = "Peek-Example";
			productName = Peek;
			productReference = 607FACD01AFB9204008FA782 /* Peek-Example.app */;
			productType = "com.apple.product-type.application";
		};
/* End PBXNativeTarget section */

/* Begin PBXProject section */
		607FACC81AFB9204008FA782 /* Project object */ = {
			isa = PBXProject;
			attributes = {
				LastSwiftUpdateCheck = 0730;
				LastUpgradeCheck = 0930;
				ORGANIZATIONNAME = Snippex;
				TargetAttributes = {
					607FACCF1AFB9204008FA782 = {
						CreatedOnToolsVersion = 6.3.1;
						DevelopmentTeam = V2CWYL9AN8;
						LastSwiftMigration = 0830;
					};
				};
			};
			buildConfigurationList = 607FACCB1AFB9204008FA782 /* Build configuration list for PBXProject "Peek" */;
			compatibilityVersion = "Xcode 6.3";
			developmentRegion = English;
			hasScannedForEncodings = 0;
			knownRegions = (
				en,
				Base,
			);
			mainGroup = 607FACC71AFB9204008FA782;
			productRefGroup = 607FACD11AFB9204008FA782 /* Products */;
			projectDirPath = "";
			projectRoot = "";
			targets = (
				607FACCF1AFB9204008FA782 /* Peek-Example */,
			);
		};
/* End PBXProject section */

/* Begin PBXResourcesBuildPhase section */
		607FACCE1AFB9204008FA782 /* Resources */ = {
			isa = PBXResourcesBuildPhase;
			buildActionMask = 2147483647;
			files = (
				542E83691CBADC9100598A9F /* OpenSans-Semibold.ttf in Resources */,
				542E836A1CBADC9100598A9F /* OpenSans-SemiboldItalic.ttf in Resources */,
				607FACDB1AFB9204008FA782 /* Main.storyboard in Resources */,
				542E83681CBADC9100598A9F /* OpenSans-Regular.ttf in Resources */,
				542E83651CBADC9100598A9F /* OpenSans-Italic.ttf in Resources */,
				542E83641CBADC9100598A9F /* OpenSans-ExtraBoldItalic.ttf in Resources */,
				607FACE01AFB9204008FA782 /* LaunchScreen.xib in Resources */,
				542E83671CBADC9100598A9F /* OpenSans-LightItalic.ttf in Resources */,
				542E83611CBADC9100598A9F /* OpenSans-Bold.ttf in Resources */,
				607FACDD1AFB9204008FA782 /* Images.xcassets in Resources */,
				542E83661CBADC9100598A9F /* OpenSans-Light.ttf in Resources */,
				542E83621CBADC9100598A9F /* OpenSans-BoldItalic.ttf in Resources */,
				542E83631CBADC9100598A9F /* OpenSans-ExtraBold.ttf in Resources */,
			);
			runOnlyForDeploymentPostprocessing = 0;
		};
/* End PBXResourcesBuildPhase section */

/* Begin PBXShellScriptBuildPhase section */
		5467FD88203D98940017ADF9 /* Swift Lint */ = {
			isa = PBXShellScriptBuildPhase;
			buildActionMask = 2147483647;
			files = (
			);
			inputPaths = (
			);
			name = "Swift Lint";
			outputPaths = (
			);
			runOnlyForDeploymentPostprocessing = 0;
			shellPath = /bin/sh;
			shellScript = "if which swiftlint >/dev/null; then\nswiftlint\nelse\necho \"warning: SwiftLint not installed, download from https://github.com/realm/SwiftLint\"\nfi";
		};
		5467FD89203D989E0017ADF9 /* TODOs & FIXMEs */ = {
			isa = PBXShellScriptBuildPhase;
			buildActionMask = 8;
			files = (
			);
			inputPaths = (
			);
			name = "TODOs & FIXMEs";
			outputPaths = (
			);
			runOnlyForDeploymentPostprocessing = 1;
			shellPath = /bin/sh;
			shellScript = "TAGS=\"TODO:|FIXME:|FEATURE:\"\nfind \"../${SRCROOT}\" \\( -name \"*.h\" -or -name \"*.m\" -or -name \"*.swift\" \\) -print0 | xargs -0 egrep --with-filename --line-number --only-matching \"($TAGS).*\\$\" | perl -p -e \"s/($TAGS)/ warning: \\$1/\"\n";
		};
		66638CA98B00FB5B974BC064 /* [CP] Copy Pods Resources */ = {
			isa = PBXShellScriptBuildPhase;
			buildActionMask = 2147483647;
			files = (
			);
			inputPaths = (
			);
			name = "[CP] Copy Pods Resources";
			outputPaths = (
			);
			runOnlyForDeploymentPostprocessing = 0;
			shellPath = /bin/sh;
			shellScript = "\"${SRCROOT}/Pods/Target Support Files/Pods-Peek-Example/Pods-Peek-Example-resources.sh\"\n";
			showEnvVarsInLog = 0;
		};
		99B3EE99300777C5E9049E45 /* [CP] Embed Pods Frameworks */ = {
			isa = PBXShellScriptBuildPhase;
			buildActionMask = 2147483647;
			files = (
			);
			inputPaths = (
				"${SRCROOT}/Pods/Target Support Files/Pods-Peek-Example/Pods-Peek-Example-frameworks.sh",
				"${BUILT_PRODUCTS_DIR}/GraphicsRenderer/GraphicsRenderer.framework",
				"${BUILT_PRODUCTS_DIR}/InkKit/InkKit.framework",
				"${BUILT_PRODUCTS_DIR}/OpenSans/OpenSans.framework",
				"${BUILT_PRODUCTS_DIR}/Peek/Peek.framework",
				"${BUILT_PRODUCTS_DIR}/SPXMasking/SPXMasking.framework",
				"${BUILT_PRODUCTS_DIR}/SwiftLayout/SwiftLayout.framework",
				"${BUILT_PRODUCTS_DIR}/pop/pop.framework",
			);
			name = "[CP] Embed Pods Frameworks";
			outputPaths = (
				"${TARGET_BUILD_DIR}/${FRAMEWORKS_FOLDER_PATH}/GraphicsRenderer.framework",
				"${TARGET_BUILD_DIR}/${FRAMEWORKS_FOLDER_PATH}/InkKit.framework",
				"${TARGET_BUILD_DIR}/${FRAMEWORKS_FOLDER_PATH}/OpenSans.framework",
				"${TARGET_BUILD_DIR}/${FRAMEWORKS_FOLDER_PATH}/Peek.framework",
				"${TARGET_BUILD_DIR}/${FRAMEWORKS_FOLDER_PATH}/SPXMasking.framework",
				"${TARGET_BUILD_DIR}/${FRAMEWORKS_FOLDER_PATH}/SwiftLayout.framework",
				"${TARGET_BUILD_DIR}/${FRAMEWORKS_FOLDER_PATH}/pop.framework",
			);
			runOnlyForDeploymentPostprocessing = 0;
			shellPath = /bin/sh;
			shellScript = "\"${SRCROOT}/Pods/Target Support Files/Pods-Peek-Example/Pods-Peek-Example-frameworks.sh\"\n";
			showEnvVarsInLog = 0;
		};
		A2E7D4C574D7296B44291E3F /* [CP] Check Pods Manifest.lock */ = {
			isa = PBXShellScriptBuildPhase;
			buildActionMask = 2147483647;
			files = (
			);
			inputPaths = (
				"${PODS_PODFILE_DIR_PATH}/Podfile.lock",
				"${PODS_ROOT}/Manifest.lock",
			);
			name = "[CP] Check Pods Manifest.lock";
			outputPaths = (
				"$(DERIVED_FILE_DIR)/Pods-Peek-Example-checkManifestLockResult.txt",
			);
			runOnlyForDeploymentPostprocessing = 0;
			shellPath = /bin/sh;
			shellScript = "diff \"${PODS_PODFILE_DIR_PATH}/Podfile.lock\" \"${PODS_ROOT}/Manifest.lock\" > /dev/null\nif [ $? != 0 ] ; then\n    # print error to STDERR\n    echo \"error: The sandbox is not in sync with the Podfile.lock. Run 'pod install' or update your CocoaPods installation.\" >&2\n    exit 1\nfi\n# This output is used by Xcode 'outputs' to avoid re-running this script phase.\necho \"SUCCESS\" > \"${SCRIPT_OUTPUT_FILE_0}\"\n";
			showEnvVarsInLog = 0;
		};
/* End PBXShellScriptBuildPhase section */

/* Begin PBXSourcesBuildPhase section */
		607FACCC1AFB9204008FA782 /* Sources */ = {
			isa = PBXSourcesBuildPhase;
			buildActionMask = 2147483647;
			files = (
				542E83741CBADCD700598A9F /* ImageView.swift in Sources */,
				542E83771CBADCD700598A9F /* Week.swift in Sources */,
				607FACD81AFB9204008FA782 /* ViewController.swift in Sources */,
				542E83721CBADCD700598A9F /* Button.swift in Sources */,
				542E83781CBADCD700598A9F /* WeekCell.swift in Sources */,
				542E83761CBADCD700598A9F /* Separator.swift in Sources */,
				542E83751CBADCD700598A9F /* Model.swift in Sources */,
				542E83731CBADCD700598A9F /* ImageCache.swift in Sources */,
				607FACD61AFB9204008FA782 /* AppDelegate.swift in Sources */,
			);
			runOnlyForDeploymentPostprocessing = 0;
		};
/* End PBXSourcesBuildPhase section */

/* Begin PBXVariantGroup section */
		607FACD91AFB9204008FA782 /* Main.storyboard */ = {
			isa = PBXVariantGroup;
			children = (
				607FACDA1AFB9204008FA782 /* Base */,
			);
			name = Main.storyboard;
			sourceTree = "<group>";
		};
		607FACDE1AFB9204008FA782 /* LaunchScreen.xib */ = {
			isa = PBXVariantGroup;
			children = (
				607FACDF1AFB9204008FA782 /* Base */,
			);
			name = LaunchScreen.xib;
			sourceTree = "<group>";
		};
/* End PBXVariantGroup section */

/* Begin XCBuildConfiguration section */
		607FACED1AFB9204008FA782 /* Debug */ = {
			isa = XCBuildConfiguration;
			buildSettings = {
				ALWAYS_SEARCH_USER_PATHS = NO;
				CLANG_CXX_LANGUAGE_STANDARD = "gnu++0x";
				CLANG_CXX_LIBRARY = "libc++";
				CLANG_ENABLE_MODULES = YES;
				CLANG_ENABLE_OBJC_ARC = YES;
				CLANG_WARN_BLOCK_CAPTURE_AUTORELEASING = YES;
				CLANG_WARN_BOOL_CONVERSION = YES;
				CLANG_WARN_COMMA = YES;
				CLANG_WARN_CONSTANT_CONVERSION = YES;
				CLANG_WARN_DEPRECATED_OBJC_IMPLEMENTATIONS = YES;
				CLANG_WARN_DIRECT_OBJC_ISA_USAGE = YES_ERROR;
				CLANG_WARN_EMPTY_BODY = YES;
				CLANG_WARN_ENUM_CONVERSION = YES;
				CLANG_WARN_INFINITE_RECURSION = YES;
				CLANG_WARN_INT_CONVERSION = YES;
				CLANG_WARN_NON_LITERAL_NULL_CONVERSION = YES;
				CLANG_WARN_OBJC_IMPLICIT_RETAIN_SELF = YES;
				CLANG_WARN_OBJC_LITERAL_CONVERSION = YES;
				CLANG_WARN_OBJC_ROOT_CLASS = YES_ERROR;
				CLANG_WARN_RANGE_LOOP_ANALYSIS = YES;
				CLANG_WARN_STRICT_PROTOTYPES = YES;
				CLANG_WARN_SUSPICIOUS_MOVE = YES;
				CLANG_WARN_UNREACHABLE_CODE = YES;
				CLANG_WARN__DUPLICATE_METHOD_MATCH = YES;
				CODE_SIGN_IDENTITY = "iPhone Developer";
				COPY_PHASE_STRIP = NO;
				DEBUG_INFORMATION_FORMAT = "dwarf-with-dsym";
				ENABLE_STRICT_OBJC_MSGSEND = YES;
				ENABLE_TESTABILITY = YES;
				GCC_C_LANGUAGE_STANDARD = gnu99;
				GCC_DYNAMIC_NO_PIC = NO;
				GCC_NO_COMMON_BLOCKS = YES;
				GCC_OPTIMIZATION_LEVEL = 0;
				GCC_PREPROCESSOR_DEFINITIONS = (
					"DEBUG=1",
					"$(inherited)",
				);
				GCC_SYMBOLS_PRIVATE_EXTERN = NO;
				GCC_WARN_64_TO_32_BIT_CONVERSION = YES;
				GCC_WARN_ABOUT_RETURN_TYPE = YES_ERROR;
				GCC_WARN_UNDECLARED_SELECTOR = YES;
				GCC_WARN_UNINITIALIZED_AUTOS = YES_AGGRESSIVE;
				GCC_WARN_UNUSED_FUNCTION = YES;
				GCC_WARN_UNUSED_VARIABLE = YES;
				IPHONEOS_DEPLOYMENT_TARGET = 8.3;
				MTL_ENABLE_DEBUG_INFO = YES;
				ONLY_ACTIVE_ARCH = YES;
				SDKROOT = iphoneos;
				SWIFT_OPTIMIZATION_LEVEL = "-Onone";
				SWIFT_VERSION = 2.3;
			};
			name = Debug;
		};
		607FACEE1AFB9204008FA782 /* Release */ = {
			isa = XCBuildConfiguration;
			buildSettings = {
				ALWAYS_SEARCH_USER_PATHS = NO;
				CLANG_CXX_LANGUAGE_STANDARD = "gnu++0x";
				CLANG_CXX_LIBRARY = "libc++";
				CLANG_ENABLE_MODULES = YES;
				CLANG_ENABLE_OBJC_ARC = YES;
				CLANG_WARN_BLOCK_CAPTURE_AUTORELEASING = YES;
				CLANG_WARN_BOOL_CONVERSION = YES;
				CLANG_WARN_COMMA = YES;
				CLANG_WARN_CONSTANT_CONVERSION = YES;
				CLANG_WARN_DEPRECATED_OBJC_IMPLEMENTATIONS = YES;
				CLANG_WARN_DIRECT_OBJC_ISA_USAGE = YES_ERROR;
				CLANG_WARN_EMPTY_BODY = YES;
				CLANG_WARN_ENUM_CONVERSION = YES;
				CLANG_WARN_INFINITE_RECURSION = YES;
				CLANG_WARN_INT_CONVERSION = YES;
				CLANG_WARN_NON_LITERAL_NULL_CONVERSION = YES;
				CLANG_WARN_OBJC_IMPLICIT_RETAIN_SELF = YES;
				CLANG_WARN_OBJC_LITERAL_CONVERSION = YES;
				CLANG_WARN_OBJC_ROOT_CLASS = YES_ERROR;
				CLANG_WARN_RANGE_LOOP_ANALYSIS = YES;
				CLANG_WARN_STRICT_PROTOTYPES = YES;
				CLANG_WARN_SUSPICIOUS_MOVE = YES;
				CLANG_WARN_UNREACHABLE_CODE = YES;
				CLANG_WARN__DUPLICATE_METHOD_MATCH = YES;
				CODE_SIGN_IDENTITY = "iPhone Developer";
				COPY_PHASE_STRIP = NO;
				DEBUG_INFORMATION_FORMAT = "dwarf-with-dsym";
				ENABLE_NS_ASSERTIONS = NO;
				ENABLE_STRICT_OBJC_MSGSEND = YES;
				GCC_C_LANGUAGE_STANDARD = gnu99;
				GCC_NO_COMMON_BLOCKS = YES;
				GCC_WARN_64_TO_32_BIT_CONVERSION = YES;
				GCC_WARN_ABOUT_RETURN_TYPE = YES_ERROR;
				GCC_WARN_UNDECLARED_SELECTOR = YES;
				GCC_WARN_UNINITIALIZED_AUTOS = YES_AGGRESSIVE;
				GCC_WARN_UNUSED_FUNCTION = YES;
				GCC_WARN_UNUSED_VARIABLE = YES;
				IPHONEOS_DEPLOYMENT_TARGET = 8.3;
				MTL_ENABLE_DEBUG_INFO = NO;
				SDKROOT = iphoneos;
				SWIFT_VERSION = 2.3;
				VALIDATE_PRODUCT = YES;
			};
			name = Release;
		};
		607FACF01AFB9204008FA782 /* Debug */ = {
			isa = XCBuildConfiguration;
			baseConfigurationReference = 849E1DC4F32E49D4C263B9DD /* Pods-Peek-Example.debug.xcconfig */;
			buildSettings = {
				ASSETCATALOG_COMPILER_APPICON_NAME = AppIcon;
				CLANG_ENABLE_MODULES = YES;
				CLANG_WARN_STRICT_PROTOTYPES = NO;
				DEVELOPMENT_TEAM = V2CWYL9AN8;
				INFOPLIST_FILE = Peek/Info.plist;
				IPHONEOS_DEPLOYMENT_TARGET = 9.0;
				LD_RUNPATH_SEARCH_PATHS = "$(inherited) @executable_path/Frameworks";
				MODULE_NAME = ExampleApp;
				OTHER_SWIFT_FLAGS = "$(inherited) \"-D\" \"COCOAPODS\" -D DEBUG";
				PRODUCT_BUNDLE_IDENTIFIER = com.152percent.Peek;
				PRODUCT_NAME = "Peek-Example";
				SWIFT_OBJC_BRIDGING_HEADER = "Peek/Peek-Example-Bridging-Header.h";
				SWIFT_OPTIMIZATION_LEVEL = "-Onone";
				SWIFT_VERSION = 4.0;
				TARGETED_DEVICE_FAMILY = "1,2";
			};
			name = Debug;
		};
		607FACF11AFB9204008FA782 /* Release */ = {
			isa = XCBuildConfiguration;
			baseConfigurationReference = 73CC2C48BDC639F2E4A2A5CE /* Pods-Peek-Example.release.xcconfig */;
			buildSettings = {
				ASSETCATALOG_COMPILER_APPICON_NAME = AppIcon;
				CLANG_ENABLE_MODULES = YES;
				CLANG_WARN_STRICT_PROTOTYPES = NO;
				DEVELOPMENT_TEAM = V2CWYL9AN8;
				GCC_OPTIMIZATION_LEVEL = 0;
				INFOPLIST_FILE = Peek/Info.plist;
				IPHONEOS_DEPLOYMENT_TARGET = 9.0;
				LD_RUNPATH_SEARCH_PATHS = "$(inherited) @executable_path/Frameworks";
				MODULE_NAME = ExampleApp;
				PRODUCT_BUNDLE_IDENTIFIER = com.152percent.Peek;
				PRODUCT_NAME = "Peek-Example";
				SWIFT_OBJC_BRIDGING_HEADER = "Peek/Peek-Example-Bridging-Header.h";
				SWIFT_OPTIMIZATION_LEVEL = "-Owholemodule";
				SWIFT_VERSION = 4.0;
				TARGETED_DEVICE_FAMILY = "1,2";
			};
			name = Release;
		};
/* End XCBuildConfiguration section */

/* Begin XCConfigurationList section */
		607FACCB1AFB9204008FA782 /* Build configuration list for PBXProject "Peek" */ = {
			isa = XCConfigurationList;
			buildConfigurations = (
				607FACED1AFB9204008FA782 /* Debug */,
				607FACEE1AFB9204008FA782 /* Release */,
			);
			defaultConfigurationIsVisible = 0;
			defaultConfigurationName = Release;
		};
		607FACEF1AFB9204008FA782 /* Build configuration list for PBXNativeTarget "Peek-Example" */ = {
			isa = XCConfigurationList;
			buildConfigurations = (
				607FACF01AFB9204008FA782 /* Debug */,
				607FACF11AFB9204008FA782 /* Release */,
			);
			defaultConfigurationIsVisible = 0;
			defaultConfigurationName = Release;
		};
/* End XCConfigurationList section */
	};
	rootObject = 607FACC81AFB9204008FA782 /* Project object */;
}
